// !$*UTF8*$!
{
	archiveVersion = 1;
	classes = {
	};
	objectVersion = 50;
	objects = {

/* Begin PBXBuildFile section */
		DE17BE838F8318F2CE0622A5 /* Pods_calendarapp2.framework in Frameworks */ = {isa = PBXBuildFile; fileRef = 24EC70AEA1099A778B0A5F67 /* Pods_calendarapp2.framework */; };
		FA9AA7A321FD44CC00648FE2 /* AppDelegate.swift in Sources */ = {isa = PBXBuildFile; fileRef = FA9AA7A221FD44CC00648FE2 /* AppDelegate.swift */; };
		FA9AA7A521FD44CC00648FE2 /* ViewController.swift in Sources */ = {isa = PBXBuildFile; fileRef = FA9AA7A421FD44CC00648FE2 /* ViewController.swift */; };
		FA9AA7A821FD44CC00648FE2 /* Main.storyboard in Resources */ = {isa = PBXBuildFile; fileRef = FA9AA7A621FD44CC00648FE2 /* Main.storyboard */; };
		FA9AA7AA21FD44CE00648FE2 /* Assets.xcassets in Resources */ = {isa = PBXBuildFile; fileRef = FA9AA7A921FD44CE00648FE2 /* Assets.xcassets */; };
		FA9AA7AD21FD44CE00648FE2 /* LaunchScreen.storyboard in Resources */ = {isa = PBXBuildFile; fileRef = FA9AA7AB21FD44CE00648FE2 /* LaunchScreen.storyboard */; };
		FA9AA7B521FD4B8100648FE2 /* Event.swift in Sources */ = {isa = PBXBuildFile; fileRef = FA9AA7B421FD4B8100648FE2 /* Event.swift */; };
		FA9AA7B721FD4F0F00648FE2 /* EventViewController.swift in Sources */ = {isa = PBXBuildFile; fileRef = FA9AA7B621FD4F0F00648FE2 /* EventViewController.swift */; };
		FAE4D67C220468D000633220 /* StatusViewController.swift in Sources */ = {isa = PBXBuildFile; fileRef = FAE4D67B220468D000633220 /* StatusViewController.swift */; };
/* End PBXBuildFile section */

/* Begin PBXFileReference section */
		24EC70AEA1099A778B0A5F67 /* Pods_calendarapp2.framework */ = {isa = PBXFileReference; explicitFileType = wrapper.framework; includeInIndex = 0; path = Pods_calendarapp2.framework; sourceTree = BUILT_PRODUCTS_DIR; };
		7A333C55375D0B1ECD8FD684 /* Pods-calendarapp2.release.xcconfig */ = {isa = PBXFileReference; includeInIndex = 1; lastKnownFileType = text.xcconfig; name = "Pods-calendarapp2.release.xcconfig"; path = "Pods/Target Support Files/Pods-calendarapp2/Pods-calendarapp2.release.xcconfig"; sourceTree = "<group>"; };
		E75B14D65FF2EB05230DBB82 /* Pods-calendarapp2.debug.xcconfig */ = {isa = PBXFileReference; includeInIndex = 1; lastKnownFileType = text.xcconfig; name = "Pods-calendarapp2.debug.xcconfig"; path = "Pods/Target Support Files/Pods-calendarapp2/Pods-calendarapp2.debug.xcconfig"; sourceTree = "<group>"; };
		FA9AA79F21FD44CC00648FE2 /* calendarapp2.app */ = {isa = PBXFileReference; explicitFileType = wrapper.application; includeInIndex = 0; path = calendarapp2.app; sourceTree = BUILT_PRODUCTS_DIR; };
		FA9AA7A221FD44CC00648FE2 /* AppDelegate.swift */ = {isa = PBXFileReference; lastKnownFileType = sourcecode.swift; path = AppDelegate.swift; sourceTree = "<group>"; };
		FA9AA7A421FD44CC00648FE2 /* ViewController.swift */ = {isa = PBXFileReference; lastKnownFileType = sourcecode.swift; path = ViewController.swift; sourceTree = "<group>"; };
		FA9AA7A721FD44CC00648FE2 /* Base */ = {isa = PBXFileReference; lastKnownFileType = file.storyboard; name = Base; path = Base.lproj/Main.storyboard; sourceTree = "<group>"; };
		FA9AA7A921FD44CE00648FE2 /* Assets.xcassets */ = {isa = PBXFileReference; lastKnownFileType = folder.assetcatalog; path = Assets.xcassets; sourceTree = "<group>"; };
		FA9AA7AC21FD44CE00648FE2 /* Base */ = {isa = PBXFileReference; lastKnownFileType = file.storyboard; name = Base; path = Base.lproj/LaunchScreen.storyboard; sourceTree = "<group>"; };
		FA9AA7AE21FD44CE00648FE2 /* Info.plist */ = {isa = PBXFileReference; lastKnownFileType = text.plist.xml; path = Info.plist; sourceTree = "<group>"; };
		FA9AA7B421FD4B8100648FE2 /* Event.swift */ = {isa = PBXFileReference; lastKnownFileType = sourcecode.swift; path = Event.swift; sourceTree = "<group>"; };
		FA9AA7B621FD4F0F00648FE2 /* EventViewController.swift */ = {isa = PBXFileReference; lastKnownFileType = sourcecode.swift; path = EventViewController.swift; sourceTree = "<group>"; };
		FAE4D67B220468D000633220 /* StatusViewController.swift */ = {isa = PBXFileReference; lastKnownFileType = sourcecode.swift; path = StatusViewController.swift; sourceTree = "<group>"; };
/* End PBXFileReference section */

/* Begin PBXFrameworksBuildPhase section */
		FA9AA79C21FD44CC00648FE2 /* Frameworks */ = {
			isa = PBXFrameworksBuildPhase;
			buildActionMask = 2147483647;
			files = (
				DE17BE838F8318F2CE0622A5 /* Pods_calendarapp2.framework in Frameworks */,
			);
			runOnlyForDeploymentPostprocessing = 0;
		};
/* End PBXFrameworksBuildPhase section */

/* Begin PBXGroup section */
		5BCA40C2EAC51393702E47C3 /* Frameworks */ = {
			isa = PBXGroup;
			children = (
				24EC70AEA1099A778B0A5F67 /* Pods_calendarapp2.framework */,
			);
			name = Frameworks;
			sourceTree = "<group>";
		};
		8F5E2F43459F79C8CDBA0DC1 /* Pods */ = {
			isa = PBXGroup;
			children = (
				E75B14D65FF2EB05230DBB82 /* Pods-calendarapp2.debug.xcconfig */,
				7A333C55375D0B1ECD8FD684 /* Pods-calendarapp2.release.xcconfig */,
			);
			name = Pods;
			sourceTree = "<group>";
		};
		FA9AA79621FD44CC00648FE2 = {
			isa = PBXGroup;
			children = (
				FA9AA7A121FD44CC00648FE2 /* calendarapp2 */,
				FA9AA7A021FD44CC00648FE2 /* Products */,
				8F5E2F43459F79C8CDBA0DC1 /* Pods */,
				5BCA40C2EAC51393702E47C3 /* Frameworks */,
			);
			sourceTree = "<group>";
		};
		FA9AA7A021FD44CC00648FE2 /* Products */ = {
			isa = PBXGroup;
			children = (
				FA9AA79F21FD44CC00648FE2 /* calendarapp2.app */,
			);
			name = Products;
			sourceTree = "<group>";
		};
		FA9AA7A121FD44CC00648FE2 /* calendarapp2 */ = {
			isa = PBXGroup;
			children = (
				FA9AA7A221FD44CC00648FE2 /* AppDelegate.swift */,
				FA9AA7A421FD44CC00648FE2 /* ViewController.swift */,
				FA9AA7A621FD44CC00648FE2 /* Main.storyboard */,
				FAE4D67B220468D000633220 /* StatusViewController.swift */,
				FA9AA7B621FD4F0F00648FE2 /* EventViewController.swift */,
				FA9AA7B421FD4B8100648FE2 /* Event.swift */,
				FA9AA7A921FD44CE00648FE2 /* Assets.xcassets */,
				FA9AA7AB21FD44CE00648FE2 /* LaunchScreen.storyboard */,
				FA9AA7AE21FD44CE00648FE2 /* Info.plist */,
			);
			path = calendarapp2;
			sourceTree = "<group>";
		};
/* End PBXGroup section */

/* Begin PBXNativeTarget section */
		FA9AA79E21FD44CC00648FE2 /* calendarapp2 */ = {
			isa = PBXNativeTarget;
			buildConfigurationList = FA9AA7B121FD44CE00648FE2 /* Build configuration list for PBXNativeTarget "calendarapp2" */;
			buildPhases = (
				231F64BD2F183258445EC449 /* [CP] Check Pods Manifest.lock */,
				FA9AA79B21FD44CC00648FE2 /* Sources */,
				FA9AA79C21FD44CC00648FE2 /* Frameworks */,
				FA9AA79D21FD44CC00648FE2 /* Resources */,
				7A7F3162F5A4F7004FCE0CC1 /* [CP] Embed Pods Frameworks */,
			);
			buildRules = (
			);
			dependencies = (
			);
			name = calendarapp2;
			productName = calendarapp2;
			productReference = FA9AA79F21FD44CC00648FE2 /* calendarapp2.app */;
			productType = "com.apple.product-type.application";
		};
/* End PBXNativeTarget section */

/* Begin PBXProject section */
		FA9AA79721FD44CC00648FE2 /* Project object */ = {
			isa = PBXProject;
			attributes = {
				LastSwiftUpdateCheck = 1010;
				LastUpgradeCheck = 1010;
				ORGANIZATIONNAME = "Kan Nakamura";
				TargetAttributes = {
					FA9AA79E21FD44CC00648FE2 = {
						CreatedOnToolsVersion = 10.1;
					};
				};
			};
			buildConfigurationList = FA9AA79A21FD44CC00648FE2 /* Build configuration list for PBXProject "calendarapp2" */;
			compatibilityVersion = "Xcode 9.3";
			developmentRegion = en;
			hasScannedForEncodings = 0;
			knownRegions = (
				en,
				Base,
			);
			mainGroup = FA9AA79621FD44CC00648FE2;
			productRefGroup = FA9AA7A021FD44CC00648FE2 /* Products */;
			projectDirPath = "";
			projectRoot = "";
			targets = (
				FA9AA79E21FD44CC00648FE2 /* calendarapp2 */,
			);
		};
/* End PBXProject section */

/* Begin PBXResourcesBuildPhase section */
		FA9AA79D21FD44CC00648FE2 /* Resources */ = {
			isa = PBXResourcesBuildPhase;
			buildActionMask = 2147483647;
			files = (
				FA9AA7AD21FD44CE00648FE2 /* LaunchScreen.storyboard in Resources */,
				FA9AA7AA21FD44CE00648FE2 /* Assets.xcassets in Resources */,
				FA9AA7A821FD44CC00648FE2 /* Main.storyboard in Resources */,
			);
			runOnlyForDeploymentPostprocessing = 0;
		};
/* End PBXResourcesBuildPhase section */

/* Begin PBXShellScriptBuildPhase section */
		231F64BD2F183258445EC449 /* [CP] Check Pods Manifest.lock */ = {
			isa = PBXShellScriptBuildPhase;
			buildActionMask = 2147483647;
			files = (
			);
			inputFileListPaths = (
			);
			inputPaths = (
				"${PODS_PODFILE_DIR_PATH}/Podfile.lock",
				"${PODS_ROOT}/Manifest.lock",
			);
			name = "[CP] Check Pods Manifest.lock";
			outputFileListPaths = (
			);
			outputPaths = (
				"$(DERIVED_FILE_DIR)/Pods-calendarapp2-checkManifestLockResult.txt",
			);
			runOnlyForDeploymentPostprocessing = 0;
			shellPath = /bin/sh;
			shellScript = "diff \"${PODS_PODFILE_DIR_PATH}/Podfile.lock\" \"${PODS_ROOT}/Manifest.lock\" > /dev/null\nif [ $? != 0 ] ; then\n    # print error to STDERR\n    echo \"error: The sandbox is not in sync with the Podfile.lock. Run 'pod install' or update your CocoaPods installation.\" >&2\n    exit 1\nfi\n# This output is used by Xcode 'outputs' to avoid re-running this script phase.\necho \"SUCCESS\" > \"${SCRIPT_OUTPUT_FILE_0}\"\n";
			showEnvVarsInLog = 0;
		};
		7A7F3162F5A4F7004FCE0CC1 /* [CP] Embed Pods Frameworks */ = {
			isa = PBXShellScriptBuildPhase;
			buildActionMask = 2147483647;
			files = (
			);
			inputFileListPaths = (
			);
			inputPaths = (
				"${SRCROOT}/Pods/Target Support Files/Pods-calendarapp2/Pods-calendarapp2-frameworks.sh",
				"${BUILT_PRODUCTS_DIR}/CalculateCalendarLogic/CalculateCalendarLogic.framework",
				"${BUILT_PRODUCTS_DIR}/FSCalendar/FSCalendar.framework",
				"${BUILT_PRODUCTS_DIR}/Realm/Realm.framework",
				"${BUILT_PRODUCTS_DIR}/RealmSwift/RealmSwift.framework",
			);
			name = "[CP] Embed Pods Frameworks";
			outputFileListPaths = (
			);
			outputPaths = (
				"${TARGET_BUILD_DIR}/${FRAMEWORKS_FOLDER_PATH}/CalculateCalendarLogic.framework",
				"${TARGET_BUILD_DIR}/${FRAMEWORKS_FOLDER_PATH}/FSCalendar.framework",
				"${TARGET_BUILD_DIR}/${FRAMEWORKS_FOLDER_PATH}/Realm.framework",
				"${TARGET_BUILD_DIR}/${FRAMEWORKS_FOLDER_PATH}/RealmSwift.framework",
			);
			runOnlyForDeploymentPostprocessing = 0;
			shellPath = /bin/sh;
			shellScript = "\"${SRCROOT}/Pods/Target Support Files/Pods-calendarapp2/Pods-calendarapp2-frameworks.sh\"\n";
			showEnvVarsInLog = 0;
		};
/* End PBXShellScriptBuildPhase section */

/* Begin PBXSourcesBuildPhase section */
		FA9AA79B21FD44CC00648FE2 /* Sources */ = {
			isa = PBXSourcesBuildPhase;
			buildActionMask = 2147483647;
			files = (
				FA9AA7A521FD44CC00648FE2 /* ViewController.swift in Sources */,
				FA9AA7B721FD4F0F00648FE2 /* EventViewController.swift in Sources */,
				FA9AA7B521FD4B8100648FE2 /* Event.swift in Sources */,
				FA9AA7A321FD44CC00648FE2 /* AppDelegate.swift in Sources */,
				FAE4D67C220468D000633220 /* StatusViewController.swift in Sources */,
			);
			runOnlyForDeploymentPostprocessing = 0;
		};
/* End PBXSourcesBuildPhase section */

/* Begin PBXVariantGroup section */
		FA9AA7A621FD44CC00648FE2 /* Main.storyboard */ = {
			isa = PBXVariantGroup;
			children = (
				FA9AA7A721FD44CC00648FE2 /* Base */,
			);
			name = Main.storyboard;
			sourceTree = "<group>";
		};
		FA9AA7AB21FD44CE00648FE2 /* LaunchScreen.storyboard */ = {
			isa = PBXVariantGroup;
			children = (
				FA9AA7AC21FD44CE00648FE2 /* Base */,
			);
			name = LaunchScreen.storyboard;
			sourceTree = "<group>";
		};
/* End PBXVariantGroup section */

/* Begin XCBuildConfiguration section */
		FA9AA7AF21FD44CE00648FE2 /* Debug */ = {
			isa = XCBuildConfiguration;
			buildSettings = {
				ALWAYS_SEARCH_USER_PATHS = NO;
				CLANG_ANALYZER_NONNULL = YES;
				CLANG_ANALYZER_NUMBER_OBJECT_CONVERSION = YES_AGGRESSIVE;
				CLANG_CXX_LANGUAGE_STANDARD = "gnu++14";
				CLANG_CXX_LIBRARY = "libc++";
				CLANG_ENABLE_MODULES = YES;
				CLANG_ENABLE_OBJC_ARC = YES;
				CLANG_ENABLE_OBJC_WEAK = YES;
				CLANG_WARN_BLOCK_CAPTURE_AUTORELEASING = YES;
				CLANG_WARN_BOOL_CONVERSION = YES;
				CLANG_WARN_COMMA = YES;
				CLANG_WARN_CONSTANT_CONVERSION = YES;
				CLANG_WARN_DEPRECATED_OBJC_IMPLEMENTATIONS = YES;
				CLANG_WARN_DIRECT_OBJC_ISA_USAGE = YES_ERROR;
				CLANG_WARN_DOCUMENTATION_COMMENTS = YES;
				CLANG_WARN_EMPTY_BODY = YES;
				CLANG_WARN_ENUM_CONVERSION = YES;
				CLANG_WARN_INFINITE_RECURSION = YES;
				CLANG_WARN_INT_CONVERSION = YES;
				CLANG_WARN_NON_LITERAL_NULL_CONVERSION = YES;
				CLANG_WARN_OBJC_IMPLICIT_RETAIN_SELF = YES;
				CLANG_WARN_OBJC_LITERAL_CONVERSION = YES;
				CLANG_WARN_OBJC_ROOT_CLASS = YES_ERROR;
				CLANG_WARN_RANGE_LOOP_ANALYSIS = YES;
				CLANG_WARN_STRICT_PROTOTYPES = YES;
				CLANG_WARN_SUSPICIOUS_MOVE = YES;
				CLANG_WARN_UNGUARDED_AVAILABILITY = YES_AGGRESSIVE;
				CLANG_WARN_UNREACHABLE_CODE = YES;
				CLANG_WARN__DUPLICATE_METHOD_MATCH = YES;
				CODE_SIGN_IDENTITY = "iPhone Developer";
				COPY_PHASE_STRIP = NO;
				DEBUG_INFORMATION_FORMAT = dwarf;
				ENABLE_STRICT_OBJC_MSGSEND = YES;
				ENABLE_TESTABILITY = YES;
				GCC_C_LANGUAGE_STANDARD = gnu11;
				GCC_DYNAMIC_NO_PIC = NO;
				GCC_NO_COMMON_BLOCKS = YES;
				GCC_OPTIMIZATION_LEVEL = 0;
				GCC_PREPROCESSOR_DEFINITIONS = (
					"DEBUG=1",
					"$(inherited)",
				);
				GCC_WARN_64_TO_32_BIT_CONVERSION = YES;
				GCC_WARN_ABOUT_RETURN_TYPE = YES_ERROR;
				GCC_WARN_UNDECLARED_SELECTOR = YES;
				GCC_WARN_UNINITIALIZED_AUTOS = YES_AGGRESSIVE;
				GCC_WARN_UNUSED_FUNCTION = YES;
				GCC_WARN_UNUSED_VARIABLE = YES;
				IPHONEOS_DEPLOYMENT_TARGET = 12.1;
				MTL_ENABLE_DEBUG_INFO = INCLUDE_SOURCE;
				MTL_FAST_MATH = YES;
				ONLY_ACTIVE_ARCH = YES;
				SDKROOT = iphoneos;
				SWIFT_ACTIVE_COMPILATION_CONDITIONS = DEBUG;
				SWIFT_OPTIMIZATION_LEVEL = "-Onone";
			};
			name = Debug;
		};
		FA9AA7B021FD44CE00648FE2 /* Release */ = {
			isa = XCBuildConfiguration;
			buildSettings = {
				ALWAYS_SEARCH_USER_PATHS = NO;
				CLANG_ANALYZER_NONNULL = YES;
				CLANG_ANALYZER_NUMBER_OBJECT_CONVERSION = YES_AGGRESSIVE;
				CLANG_CXX_LANGUAGE_STANDARD = "gnu++14";
				CLANG_CXX_LIBRARY = "libc++";
				CLANG_ENABLE_MODULES = YES;
				CLANG_ENABLE_OBJC_ARC = YES;
				CLANG_ENABLE_OBJC_WEAK = YES;
				CLANG_WARN_BLOCK_CAPTURE_AUTORELEASING = YES;
				CLANG_WARN_BOOL_CONVERSION = YES;
				CLANG_WARN_COMMA = YES;
				CLANG_WARN_CONSTANT_CONVERSION = YES;
				CLANG_WARN_DEPRECATED_OBJC_IMPLEMENTATIONS = YES;
				CLANG_WARN_DIRECT_OBJC_ISA_USAGE = YES_ERROR;
				CLANG_WARN_DOCUMENTATION_COMMENTS = YES;
				CLANG_WARN_EMPTY_BODY = YES;
				CLANG_WARN_ENUM_CONVERSION = YES;
				CLANG_WARN_INFINITE_RECURSION = YES;
				CLANG_WARN_INT_CONVERSION = YES;
				CLANG_WARN_NON_LITERAL_NULL_CONVERSION = YES;
				CLANG_WARN_OBJC_IMPLICIT_RETAIN_SELF = YES;
				CLANG_WARN_OBJC_LITERAL_CONVERSION = YES;
				CLANG_WARN_OBJC_ROOT_CLASS = YES_ERROR;
				CLANG_WARN_RANGE_LOOP_ANALYSIS = YES;
				CLANG_WARN_STRICT_PROTOTYPES = YES;
				CLANG_WARN_SUSPICIOUS_MOVE = YES;
				CLANG_WARN_UNGUARDED_AVAILABILITY = YES_AGGRESSIVE;
				CLANG_WARN_UNREACHABLE_CODE = YES;
				CLANG_WARN__DUPLICATE_METHOD_MATCH = YES;
				CODE_SIGN_IDENTITY = "iPhone Developer";
				COPY_PHASE_STRIP = NO;
				DEBUG_INFORMATION_FORMAT = "dwarf-with-dsym";
				ENABLE_NS_ASSERTIONS = NO;
				ENABLE_STRICT_OBJC_MSGSEND = YES;
				GCC_C_LANGUAGE_STANDARD = gnu11;
				GCC_NO_COMMON_BLOCKS = YES;
				GCC_WARN_64_TO_32_BIT_CONVERSION = YES;
				GCC_WARN_ABOUT_RETURN_TYPE = YES_ERROR;
				GCC_WARN_UNDECLARED_SELECTOR = YES;
				GCC_WARN_UNINITIALIZED_AUTOS = YES_AGGRESSIVE;
				GCC_WARN_UNUSED_FUNCTION = YES;
				GCC_WARN_UNUSED_VARIABLE = YES;
				IPHONEOS_DEPLOYMENT_TARGET = 12.1;
				MTL_ENABLE_DEBUG_INFO = NO;
				MTL_FAST_MATH = YES;
				SDKROOT = iphoneos;
				SWIFT_COMPILATION_MODE = wholemodule;
				SWIFT_OPTIMIZATION_LEVEL = "-O";
				VALIDATE_PRODUCT = YES;
			};
			name = Release;
		};
		FA9AA7B221FD44CE00648FE2 /* Debug */ = {
			isa = XCBuildConfiguration;
			baseConfigurationReference = E75B14D65FF2EB05230DBB82 /* Pods-calendarapp2.debug.xcconfig */;
			buildSettings = {
				ASSETCATALOG_COMPILER_APPICON_NAME = AppIcon;
				CODE_SIGN_STYLE = Automatic;
				DEVELOPMENT_TEAM = 424C2RBZ3V;
				INFOPLIST_FILE = calendarapp2/Info.plist;
				LD_RUNPATH_SEARCH_PATHS = (
					"$(inherited)",
					"@executable_path/Frameworks",
				);
				PRODUCT_BUNDLE_IDENTIFIER = "kan.nakamura0711-gmail.com.calendarapp2";
				PRODUCT_NAME = "$(TARGET_NAME)";
				SWIFT_VERSION = 4.2;
				TARGETED_DEVICE_FAMILY = "1,2";
			};
			name = Debug;
		};
		FA9AA7B321FD44CE00648FE2 /* Release */ = {
			isa = XCBuildConfiguration;
			baseConfigurationReference = 7A333C55375D0B1ECD8FD684 /* Pods-calendarapp2.release.xcconfig */;
			buildSettings = {
				ASSETCATALOG_COMPILER_APPICON_NAME = AppIcon;
				CODE_SIGN_STYLE = Automatic;
				DEVELOPMENT_TEAM = 424C2RBZ3V;
				INFOPLIST_FILE = calendarapp2/Info.plist;
				LD_RUNPATH_SEARCH_PATHS = (
					"$(inherited)",
					"@executable_path/Frameworks",
				);
				PRODUCT_BUNDLE_IDENTIFIER = "kan.nakamura0711-gmail.com.calendarapp2";
				PRODUCT_NAME = "$(TARGET_NAME)";
				SWIFT_VERSION = 4.2;
				TARGETED_DEVICE_FAMILY = "1,2";
			};
			name = Release;
		};
/* End XCBuildConfiguration section */

/* Begin XCConfigurationList section */
		FA9AA79A21FD44CC00648FE2 /* Build configuration list for PBXProject "calendarapp2" */ = {
			isa = XCConfigurationList;
			buildConfigurations = (
				FA9AA7AF21FD44CE00648FE2 /* Debug */,
				FA9AA7B021FD44CE00648FE2 /* Release */,
			);
			defaultConfigurationIsVisible = 0;
			defaultConfigurationName = Release;
		};
		FA9AA7B121FD44CE00648FE2 /* Build configuration list for PBXNativeTarget "calendarapp2" */ = {
			isa = XCConfigurationList;
			buildConfigurations = (
				FA9AA7B221FD44CE00648FE2 /* Debug */,
				FA9AA7B321FD44CE00648FE2 /* Release */,
			);
			defaultConfigurationIsVisible = 0;
			defaultConfigurationName = Release;
		};
/* End XCConfigurationList section */
	};
	rootObject = FA9AA79721FD44CC00648FE2 /* Project object */;
}
